
Microsoft Visual Studio Solution File, Format Version 12.00
# Visual Studio Version 17
VisualStudioVersion = 17.9.34407.89
MinimumVisualStudioVersion = 10.0.40219.1
Project("{9A19103F-16F7-4668-BE54-9A1E7A4F7556}") = "ImageFun1", "ImageFun1\ImageFun1.csproj", "{8A20C030-F704-41C5-99DA-E1D9ECE600B1}"
EndProject
Project("{FAE04EC0-301F-11D3-BF4B-00C04F79EFBC}") = "Pixel Sorter 4", "Pixel Sorter 4\Pixel Sorter 4.csproj", "{B723A1E4-5290-4CC2-A1EE-E370E7E3DDDD}"
EndProject
Global
	GlobalSection(SolutionConfigurationPlatforms) = preSolution
		Debug|Any CPU = Debug|Any CPU
		Release|Any CPU = Release|Any CPU
	EndGlobalSection
	GlobalSection(ProjectConfigurationPlatforms) = postSolution
		{8A20C030-F704-41C5-99DA-E1D9ECE600B1}.Debug|Any CPU.ActiveCfg = Debug|Any CPU
		{8A20C030-F704-41C5-99DA-E1D9ECE600B1}.Debug|Any CPU.Build.0 = Debug|Any CPU
		{8A20C030-F704-41C5-99DA-E1D9ECE600B1}.Release|Any CPU.ActiveCfg = Release|Any CPU
		{8A20C030-F704-41C5-99DA-E1D9ECE600B1}.Release|Any CPU.Build.0 = Release|Any CPU
		{B723A1E4-5290-4CC2-A1EE-E370E7E3DDDD}.Debug|Any CPU.ActiveCfg = Debug|Any CPU
		{B723A1E4-5290-4CC2-A1EE-E370E7E3DDDD}.Debug|Any CPU.Build.0 = Debug|Any CPU
		{B723A1E4-5290-4CC2-A1EE-E370E7E3DDDD}.Release|Any CPU.ActiveCfg = Release|Any CPU
		{B723A1E4-5290-4CC2-A1EE-E370E7E3DDDD}.Release|Any CPU.Build.0 = Release|Any CPU
	EndGlobalSection
	GlobalSection(SolutionProperties) = preSolution
		HideSolutionNode = FALSE
	EndGlobalSection
	GlobalSection(ExtensibilityGlobals) = postSolution
		SolutionGuid = {FCE7A7F3-F719-4528-AC3A-8FD8D57674ED}
	EndGlobalSection
EndGlobal
